Microsoft Visual Studio Solution File, Format Version 11.00
# Visual Studio 2008

Project("{A7F69C22-D4C4-9511-D666-1AD16F5D91D0}") = "8-bit", "Assembly-CSharp.csproj", "{EB3E5A29-FC19-9B54-8EC3-F54658ADC820}"
EndProject
Global
	GlobalSection(SolutionConfigurationPlatforms) = preSolution
		Debug|Any CPU = Debug|Any CPU
		Release|Any CPU = Release|Any CPU
	EndGlobalSection
	GlobalSection(ProjectConfigurationPlatforms) = postSolution
		{EB3E5A29-FC19-9B54-8EC3-F54658ADC820}.Debug|Any CPU.ActiveCfg = Debug|Any CPU
		{EB3E5A29-FC19-9B54-8EC3-F54658ADC820}.Debug|Any CPU.Build.0 = Debug|Any CPU
		{EB3E5A29-FC19-9B54-8EC3-F54658ADC820}.Release|Any CPU.ActiveCfg = Release|Any CPU
		{EB3E5A29-FC19-9B54-8EC3-F54658ADC820}.Release|Any CPU.Build.0 = Release|Any CPU
	EndGlobalSection
	GlobalSection(SolutionProperties) = preSolution
		HideSolutionNode = FALSE
	EndGlobalSection
													GlobalSection(MonoDevelopProperties) = preSolution
		StartupItem = Assembly-CSharp.csproj
		Policies = $0
		$0.TextStylePolicy = $1
		$1.inheritsSet = null
		$1.scope = text/x-csharp
		$0.CSharpFormattingPolicy = $2
		$2.inheritsSet = Mono
		$2.inheritsScope = text/x-csharp
		$2.scope = text/x-csharp
		$0.TextStylePolicy = $3
		$3.FileWidth = 120
		$3.TabWidth = 4
		$3.IndentWidth = 4
		$3.EolMarker = Unix
		$3.inheritsSet = Mono
		$3.inheritsScope = text/plain
		$3.scope = text/plain
	EndGlobalSection

EndGlobal
